# THIS IS AN AUTOGENERATED FILE. DO NOT EDIT THIS FILE DIRECTLY.
# yarn lockfile v1


"@types/node@^10.12.11":
  version "10.17.13"
  resolved "https://registry.npm.taobao.org/@types/node/download/@types/node-10.17.13.tgz#ccebcdb990bd6139cd16e84c39dc2fb1023ca90c"

"@types/parsimmon@^1.3.0":
  version "1.10.1"
  resolved "https://registry.npm.taobao.org/@types/parsimmon/download/@types/parsimmon-1.10.1.tgz#d46015ad91128fce06a1a688ab39a2516507f740"

ajv@^6.5.5:
  version "6.12.6"
  resolved "https://registry.yarnpkg.com/ajv/-/ajv-6.12.6.tgz#baf5a62e802b07d977034586f8c3baf5adf26df4"
  dependencies:
    fast-deep-equal "^3.1.1"
    fast-json-stable-stringify "^2.0.0"
    json-schema-traverse "^0.4.1"
    uri-js "^4.2.2"

ansi-regex@^2.0.0:
  version "2.1.1"
  resolved "https://registry.npm.taobao.org/ansi-regex/download/ansi-regex-2.1.1.tgz?cache=0&sync_timestamp=1570188663907&other_urls=https%3A%2F%2Fregistry.npm.taobao.org%2Fansi-regex%2Fdownload%2Fansi-regex-2.1.1.tgz#c3b33ab5ee360d86e0e628f0468ae7ef27d654df"

ansi-regex@^3.0.0:
  version "3.0.0"
  resolved "https://registry.npm.taobao.org/ansi-regex/download/ansi-regex-3.0.0.tgz?cache=0&sync_timestamp=1570188663907&other_urls=https%3A%2F%2Fregistry.npm.taobao.org%2Fansi-regex%2Fdownload%2Fansi-regex-3.0.0.tgz#ed0317c322064f79466c02966bddb605ab37d998"

ansi-styles@^2.2.1:
  version "2.2.1"
  resolved "https://registry.npm.taobao.org/ansi-styles/download/ansi-styles-2.2.1.tgz#b432dd3358b634cf75e1e4664368240533c1ddbe"

ansi-styles@^3.2.1:
  version "3.2.1"
  resolved "https://registry.npm.taobao.org/ansi-styles/download/ansi-styles-3.2.1.tgz#41fbb20243e50b12be0f04b8dedbf07520ce841d"
  dependencies:
    color-convert "^1.9.0"

argparse@^1.0.7:
  version "1.0.10"
  resolved "https://registry.npm.taobao.org/argparse/download/argparse-1.0.10.tgz#bcd6791ea5ae09725e17e5ad988134cd40b3d911"
  dependencies:
    sprintf-js "~1.0.2"

asn1@~0.2.3:
  version "0.2.4"
  resolved "https://registry.npm.taobao.org/asn1/download/asn1-0.2.4.tgz#8d2475dfab553bb33e77b54e59e880bb8ce23136"
  dependencies:
    safer-buffer "~2.1.0"

assert-plus@1.0.0, assert-plus@^1.0.0:
  version "1.0.0"
  resolved "https://registry.npm.taobao.org/assert-plus/download/assert-plus-1.0.0.tgz#f12e0f3c5d77b0b1cdd9146942e4e96c1e4dd525"

asynckit@^0.4.0:
  version "0.4.0"
  resolved "https://registry.npm.taobao.org/asynckit/download/asynckit-0.4.0.tgz#c79ed97f7f34cb8f2ba1bc9790bcc366474b4b79"

aws-sign2@~0.7.0:
  version "0.7.0"
  resolved "https://registry.npm.taobao.org/aws-sign2/download/aws-sign2-0.7.0.tgz#b46e890934a9591f2d2f6f86d7e6a9f1b3fe76a8"

aws4@^1.8.0:
  version "1.9.1"
  resolved "https://registry.npm.taobao.org/aws4/download/aws4-1.9.1.tgz#7e33d8f7d449b3f673cd72deb9abdc552dbe528e"

babel-code-frame@^6.22.0:
  version "6.26.0"
  resolved "https://registry.npm.taobao.org/babel-code-frame/download/babel-code-frame-6.26.0.tgz#63fd43f7dc1e3bb7ce35947db8fe369a3f58c74b"
  dependencies:
    chalk "^1.1.3"
    esutils "^2.0.2"
    js-tokens "^3.0.2"

balanced-match@^1.0.0:
  version "1.0.0"
  resolved "https://registry.npm.taobao.org/balanced-match/download/balanced-match-1.0.0.tgz#89b4d199ab2bee49de164ea02b89ce462d71b767"

bcrypt-pbkdf@^1.0.0:
  version "1.0.2"
  resolved "https://registry.npm.taobao.org/bcrypt-pbkdf/download/bcrypt-pbkdf-1.0.2.tgz#a4301d389b6a43f9b67ff3ca11a3f6637e360e9e"
  dependencies:
    tweetnacl "^0.14.3"

brace-expansion@^1.1.7:
  version "1.1.11"
  resolved "https://registry.npm.taobao.org/brace-expansion/download/brace-expansion-1.1.11.tgz#3c7fcbf529d87226f3d2f52b966ff5271eb441dd"
  dependencies:
    balanced-match "^1.0.0"
    concat-map "0.0.1"

builtin-modules@^1.1.1:
  version "1.1.1"
  resolved "https://registry.npm.taobao.org/builtin-modules/download/builtin-modules-1.1.1.tgz#270f076c5a72c02f5b65a47df94c5fe3a278892f"

camelcase@^5.0.0:
  version "5.3.1"
  resolved "https://registry.npm.taobao.org/camelcase/download/camelcase-5.3.1.tgz#e3c9b31569e106811df242f715725a1f4c494320"

caseless@~0.12.0:
  version "0.12.0"
  resolved "https://registry.npm.taobao.org/caseless/download/caseless-0.12.0.tgz#1b681c21ff84033c826543090689420d187151dc"

chalk@^1.1.3:
  version "1.1.3"
  resolved "https://registry.npm.taobao.org/chalk/download/chalk-1.1.3.tgz?cache=0&sync_timestamp=1573282918610&other_urls=https%3A%2F%2Fregistry.npm.taobao.org%2Fchalk%2Fdownload%2Fchalk-1.1.3.tgz#a8115c55e4a702fe4d150abd3872822a7e09fc98"
  dependencies:
    ansi-styles "^2.2.1"
    escape-string-regexp "^1.0.2"
    has-ansi "^2.0.0"
    strip-ansi "^3.0.0"
    supports-color "^2.0.0"

chalk@^2.3.0:
  version "2.4.2"
  resolved "https://registry.npm.taobao.org/chalk/download/chalk-2.4.2.tgz?cache=0&sync_timestamp=1573282918610&other_urls=https%3A%2F%2Fregistry.npm.taobao.org%2Fchalk%2Fdownload%2Fchalk-2.4.2.tgz#cd42541677a54333cf541a49108c1432b44c9424"
  dependencies:
    ansi-styles "^3.2.1"
    escape-string-regexp "^1.0.5"
    supports-color "^5.3.0"

cliui@^4.0.0:
  version "4.1.0"
  resolved "https://registry.npm.taobao.org/cliui/download/cliui-4.1.0.tgz?cache=0&sync_timestamp=1573943292170&other_urls=https%3A%2F%2Fregistry.npm.taobao.org%2Fcliui%2Fdownload%2Fcliui-4.1.0.tgz#348422dbe82d800b3022eef4f6ac10bf2e4d1b49"
  dependencies:
    string-width "^2.1.1"
    strip-ansi "^4.0.0"
    wrap-ansi "^2.0.0"

code-point-at@^1.0.0:
  version "1.1.0"
  resolved "https://registry.npm.taobao.org/code-point-at/download/code-point-at-1.1.0.tgz#0d070b4d043a5bea33a2f1a40e2edb3d9a4ccf77"

color-convert@^1.9.0:
  version "1.9.3"
  resolved "https://registry.npm.taobao.org/color-convert/download/color-convert-1.9.3.tgz?cache=0&sync_timestamp=1566248870121&other_urls=https%3A%2F%2Fregistry.npm.taobao.org%2Fcolor-convert%2Fdownload%2Fcolor-convert-1.9.3.tgz#bb71850690e1f136567de629d2d5471deda4c1e8"
  dependencies:
    color-name "1.1.3"

color-name@1.1.3:
  version "1.1.3"
  resolved "https://registry.npm.taobao.org/color-name/download/color-name-1.1.3.tgz#a7d0558bd89c42f795dd42328f740831ca53bc25"

combined-stream@^1.0.6, combined-stream@~1.0.6:
  version "1.0.8"
  resolved "https://registry.npm.taobao.org/combined-stream/download/combined-stream-1.0.8.tgz#c3d45a8b34fd730631a110a8a2520682b31d5a7f"
  dependencies:
    delayed-stream "~1.0.0"

commander@^2.12.1:
  version "2.20.3"
  resolved "https://registry.npm.taobao.org/commander/download/commander-2.20.3.tgz#fd485e84c03eb4881c20722ba48035e8531aeb33"

concat-map@0.0.1:
  version "0.0.1"
  resolved "https://registry.npm.taobao.org/concat-map/download/concat-map-0.0.1.tgz#d8a96bd77fd68df7793a73036a3ba0d5405d477b"

core-util-is@1.0.2:
  version "1.0.2"
  resolved "https://registry.npm.taobao.org/core-util-is/download/core-util-is-1.0.2.tgz#b5fd54220aa2bc5ab57aab7140c940754503c1a7"

cross-spawn@^6.0.0:
  version "6.0.5"
  resolved "https://registry.npm.taobao.org/cross-spawn/download/cross-spawn-6.0.5.tgz#4a5ec7c64dfae22c3a14124dbacdee846d80cbc4"
  dependencies:
    nice-try "^1.0.4"
    path-key "^2.0.1"
    semver "^5.5.0"
    shebang-command "^1.2.0"
    which "^1.2.9"

dashdash@^1.12.0:
  version "1.14.1"
  resolved "https://registry.npm.taobao.org/dashdash/download/dashdash-1.14.1.tgz#853cfa0f7cbe2fed5de20326b8dd581035f6e2f0"
  dependencies:
    assert-plus "^1.0.0"

decamelize@^1.2.0:
  version "1.2.0"
  resolved "https://registry.npm.taobao.org/decamelize/download/decamelize-1.2.0.tgz#f6534d15148269b20352e7bee26f501f9a191290"

definitelytyped-header-parser@^1.0.1, definitelytyped-header-parser@^1.2.0:
  version "1.2.0"
  resolved "https://registry.npm.taobao.org/definitelytyped-header-parser/download/definitelytyped-header-parser-1.2.0.tgz#f21374b8a18fabcd3ba4b008a0bcbc9db2b7b4c4"
  dependencies:
    "@types/parsimmon" "^1.3.0"
    parsimmon "^1.2.0"

delayed-stream@~1.0.0:
  version "1.0.0"
  resolved "https://registry.npm.taobao.org/delayed-stream/download/delayed-stream-1.0.0.tgz#df3ae199acadfb7d440aaae0b29e2272b24ec619"

diff@^3.2.0:
  version "3.5.0"
  resolved "https://registry.npm.taobao.org/diff/download/diff-3.5.0.tgz?cache=0&sync_timestamp=1578890967183&other_urls=https%3A%2F%2Fregistry.npm.taobao.org%2Fdiff%2Fdownload%2Fdiff-3.5.0.tgz#800c0dd1e0a8bfbc95835c202ad220fe317e5a12"

dotenv@^6.2.0:
  version "6.2.0"
  resolved "https://registry.npm.taobao.org/dotenv/download/dotenv-6.2.0.tgz#941c0410535d942c8becf28d3f357dbd9d476064"

download-file-sync@^1.0.4:
  version "1.0.4"
  resolved "https://registry.npm.taobao.org/download-file-sync/download/download-file-sync-1.0.4.tgz#d3e3c543f836f41039455b9034c72e355b036019"

dts-critic@^1.0.5:
  version "1.2.0"
  resolved "https://registry.npm.taobao.org/dts-critic/download/dts-critic-1.2.0.tgz#fc358cad7461180ad426438ab88b249fedebd5c0"
  dependencies:
    definitelytyped-header-parser "^1.2.0"
    download-file-sync "^1.0.4"
    yargs "^12.0.5"

dtslint@0.6.1:
  version "0.6.1"
  resolved "https://registry.npm.taobao.org/dtslint/download/dtslint-0.6.1.tgz#c349ea9866fbb710de26ab99af2b1f8342a96032"
  dependencies:
    definitelytyped-header-parser "^1.0.1"
    dts-critic "^1.0.5"
    fs-extra "^6.0.1"
    request "^2.88.0"
    strip-json-comments "^2.0.1"
    tslint "5.14.0"
    typescript next

ecc-jsbn@~0.1.1:
  version "0.1.2"
  resolved "https://registry.npm.taobao.org/ecc-jsbn/download/ecc-jsbn-0.1.2.tgz#3a83a904e54353287874c564b7549386849a98c9"
  dependencies:
    jsbn "~0.1.0"
    safer-buffer "^2.1.0"

end-of-stream@^1.1.0:
  version "1.4.4"
  resolved "https://registry.npm.taobao.org/end-of-stream/download/end-of-stream-1.4.4.tgz?cache=0&sync_timestamp=1569416367473&other_urls=https%3A%2F%2Fregistry.npm.taobao.org%2Fend-of-stream%2Fdownload%2Fend-of-stream-1.4.4.tgz#5ae64a5f45057baf3626ec14da0ca5e4b2431eb0"
  dependencies:
    once "^1.4.0"

escape-string-regexp@^1.0.2, escape-string-regexp@^1.0.5:
  version "1.0.5"
  resolved "https://registry.npm.taobao.org/escape-string-regexp/download/escape-string-regexp-1.0.5.tgz#1b61c0562190a8dff6ae3bb2cf0200ca130b86d4"

esprima@^4.0.0:
  version "4.0.1"
  resolved "https://registry.npm.taobao.org/esprima/download/esprima-4.0.1.tgz#13b04cdb3e6c5d19df91ab6987a8695619b0aa71"

esutils@^2.0.2:
  version "2.0.3"
  resolved "https://registry.npm.taobao.org/esutils/download/esutils-2.0.3.tgz#74d2eb4de0b8da1293711910d50775b9b710ef64"

execa@^1.0.0:
  version "1.0.0"
  resolved "https://registry.npm.taobao.org/execa/download/execa-1.0.0.tgz?cache=0&sync_timestamp=1576749091315&other_urls=https%3A%2F%2Fregistry.npm.taobao.org%2Fexeca%2Fdownload%2Fexeca-1.0.0.tgz#c6236a5bb4df6d6f15e88e7f017798216749ddd8"
  dependencies:
    cross-spawn "^6.0.0"
    get-stream "^4.0.0"
    is-stream "^1.1.0"
    npm-run-path "^2.0.0"
    p-finally "^1.0.0"
    signal-exit "^3.0.0"
    strip-eof "^1.0.0"

extend@~3.0.2:
  version "3.0.2"
  resolved "https://registry.npm.taobao.org/extend/download/extend-3.0.2.tgz#f8b1136b4071fbd8eb140aff858b1019ec2915fa"

extsprintf@1.3.0:
  version "1.3.0"
  resolved "https://registry.npm.taobao.org/extsprintf/download/extsprintf-1.3.0.tgz#96918440e3041a7a414f8c52e3c574eb3c3e1e05"

extsprintf@^1.2.0:
  version "1.4.0"
  resolved "https://registry.npm.taobao.org/extsprintf/download/extsprintf-1.4.0.tgz#e2689f8f356fad62cca65a3a91c5df5f9551692f"

fast-deep-equal@^3.1.1:
  version "3.1.3"
  resolved "https://registry.yarnpkg.com/fast-deep-equal/-/fast-deep-equal-3.1.3.tgz#3a7d56b559d6cbc3eb512325244e619a65c6c525"

fast-json-stable-stringify@^2.0.0:
  version "2.1.0"
  resolved "https://registry.yarnpkg.com/fast-json-stable-stringify/-/fast-json-stable-stringify-2.1.0.tgz#874bf69c6f404c2b5d99c481341399fd55892633"

find-up@^3.0.0:
  version "3.0.0"
  resolved "https://registry.npm.taobao.org/find-up/download/find-up-3.0.0.tgz#49169f1d7993430646da61ecc5ae355c21c97b73"
  dependencies:
    locate-path "^3.0.0"

forever-agent@~0.6.1:
  version "0.6.1"
  resolved "https://registry.npm.taobao.org/forever-agent/download/forever-agent-0.6.1.tgz#fbc71f0c41adeb37f96c577ad1ed42d8fdacca91"

form-data@~2.3.2:
  version "2.3.3"
  resolved "https://registry.npm.taobao.org/form-data/download/form-data-2.3.3.tgz#dcce52c05f644f298c6a7ab936bd724ceffbf3a6"
  dependencies:
    asynckit "^0.4.0"
    combined-stream "^1.0.6"
    mime-types "^2.1.12"

fs-extra@^6.0.1:
  version "6.0.1"
  resolved "https://registry.npm.taobao.org/fs-extra/download/fs-extra-6.0.1.tgz#8abc128f7946e310135ddc93b98bddb410e7a34b"
  dependencies:
    graceful-fs "^4.1.2"
    jsonfile "^4.0.0"
    universalify "^0.1.0"

fs-extra@^7.0.1:
  version "7.0.1"
  resolved "https://registry.npm.taobao.org/fs-extra/download/fs-extra-7.0.1.tgz#4f189c44aa123b895f722804f55ea23eadc348e9"
  dependencies:
    graceful-fs "^4.1.2"
    jsonfile "^4.0.0"
    universalify "^0.1.0"

fs.realpath@^1.0.0:
  version "1.0.0"
  resolved "https://registry.npm.taobao.org/fs.realpath/download/fs.realpath-1.0.0.tgz#1504ad2523158caa40db4a2787cb01411994ea4f"

get-caller-file@^1.0.1:
  version "1.0.3"
  resolved "https://registry.npm.taobao.org/get-caller-file/download/get-caller-file-1.0.3.tgz#f978fa4c90d1dfe7ff2d6beda2a515e713bdcf4a"

get-stream@^4.0.0:
  version "4.1.0"
  resolved "https://registry.npm.taobao.org/get-stream/download/get-stream-4.1.0.tgz#c1b255575f3dc21d59bfc79cd3d2b46b1c3a54b5"
  dependencies:
    pump "^3.0.0"

getpass@^0.1.1:
  version "0.1.7"
  resolved "https://registry.npm.taobao.org/getpass/download/getpass-0.1.7.tgz#5eff8e3e684d569ae4cb2b1282604e8ba62149fa"
  dependencies:
    assert-plus "^1.0.0"

glob@^7.1.1:
  version "7.1.6"
  resolved "https://registry.npm.taobao.org/glob/download/glob-7.1.6.tgz#141f33b81a7c2492e125594307480c46679278a6"
  dependencies:
    fs.realpath "^1.0.0"
    inflight "^1.0.4"
    inherits "2"
    minimatch "^3.0.4"
    once "^1.3.0"
    path-is-absolute "^1.0.0"

graceful-fs@^4.1.2, graceful-fs@^4.1.6:
  version "4.2.3"
  resolved "https://registry.npm.taobao.org/graceful-fs/download/graceful-fs-4.2.3.tgz#4a12ff1b60376ef09862c2093edd908328be8423"

har-schema@^2.0.0:
  version "2.0.0"
  resolved "https://registry.npm.taobao.org/har-schema/download/har-schema-2.0.0.tgz#a94c2224ebcac04782a0d9035521f24735b7ec92"

har-validator@~5.1.0:
  version "5.1.3"
  resolved "https://registry.npm.taobao.org/har-validator/download/har-validator-5.1.3.tgz#1ef89ebd3e4996557675eed9893110dc350fa080"
  dependencies:
    ajv "^6.5.5"
    har-schema "^2.0.0"

has-ansi@^2.0.0:
  version "2.0.0"
  resolved "https://registry.npm.taobao.org/has-ansi/download/has-ansi-2.0.0.tgz?cache=0&sync_timestamp=1568144533484&other_urls=https%3A%2F%2Fregistry.npm.taobao.org%2Fhas-ansi%2Fdownload%2Fhas-ansi-2.0.0.tgz#34f5049ce1ecdf2b0649af3ef24e45ed35416d91"
  dependencies:
    ansi-regex "^2.0.0"

has-flag@^3.0.0:
  version "3.0.0"
  resolved "https://registry.npm.taobao.org/has-flag/download/has-flag-3.0.0.tgz#b5d454dc2199ae225699f3467e5a07f3b955bafd"

http-signature@~1.2.0:
  version "1.2.0"
  resolved "https://registry.npm.taobao.org/http-signature/download/http-signature-1.2.0.tgz#9aecd925114772f3d95b65a60abb8f7c18fbace1"
  dependencies:
    assert-plus "^1.0.0"
    jsprim "^1.2.2"
    sshpk "^1.7.0"

inflight@^1.0.4:
  version "1.0.6"
  resolved "https://registry.npm.taobao.org/inflight/download/inflight-1.0.6.tgz#49bd6331d7d02d0c09bc910a1075ba8165b56df9"
  dependencies:
    once "^1.3.0"
    wrappy "1"

inherits@2:
  version "2.0.4"
  resolved "https://registry.npm.taobao.org/inherits/download/inherits-2.0.4.tgz#0fa2c64f932917c3433a0ded55363aae37416b7c"

invert-kv@^2.0.0:
  version "2.0.0"
  resolved "https://registry.npm.taobao.org/invert-kv/download/invert-kv-2.0.0.tgz#7393f5afa59ec9ff5f67a27620d11c226e3eec02"

is-fullwidth-code-point@^1.0.0:
  version "1.0.0"
  resolved "https://registry.npm.taobao.org/is-fullwidth-code-point/download/is-fullwidth-code-point-1.0.0.tgz#ef9e31386f031a7f0d643af82fde50c457ef00cb"
  dependencies:
    number-is-nan "^1.0.0"

is-fullwidth-code-point@^2.0.0:
  version "2.0.0"
  resolved "https://registry.npm.taobao.org/is-fullwidth-code-point/download/is-fullwidth-code-point-2.0.0.tgz#a3b30a5c4f199183167aaab93beefae3ddfb654f"

is-stream@^1.1.0:
  version "1.1.0"
  resolved "https://registry.npm.taobao.org/is-stream/download/is-stream-1.1.0.tgz#12d4a3dd4e68e0b79ceb8dbc84173ae80d91ca44"

is-typedarray@~1.0.0:
  version "1.0.0"
  resolved "https://registry.npm.taobao.org/is-typedarray/download/is-typedarray-1.0.0.tgz#e479c80858df0c1b11ddda6940f96011fcda4a9a"

isexe@^2.0.0:
  version "2.0.0"
  resolved "https://registry.npm.taobao.org/isexe/download/isexe-2.0.0.tgz?cache=0&other_urls=https%3A%2F%2Fregistry.npm.taobao.org%2Fisexe%2Fdownload%2Fisexe-2.0.0.tgz#e8fbf374dc556ff8947a10dcb0572d633f2cfa10"

isstream@~0.1.2:
  version "0.1.2"
  resolved "https://registry.npm.taobao.org/isstream/download/isstream-0.1.2.tgz#47e63f7af55afa6f92e1500e690eb8b8529c099a"

js-tokens@^3.0.2:
  version "3.0.2"
  resolved "https://registry.npm.taobao.org/js-tokens/download/js-tokens-3.0.2.tgz#9866df395102130e38f7f996bceb65443209c25b"

js-yaml@^3.7.0:
  version "3.13.1"
  resolved "https://registry.npm.taobao.org/js-yaml/download/js-yaml-3.13.1.tgz#aff151b30bfdfa8e49e05da22e7415e9dfa37847"
  dependencies:
    argparse "^1.0.7"
    esprima "^4.0.0"

jsbn@~0.1.0:
  version "0.1.1"
  resolved "https://registry.npm.taobao.org/jsbn/download/jsbn-0.1.1.tgz#a5e654c2e5a2deb5f201d96cefbca80c0ef2f513"

json-schema-traverse@^0.4.1:
  version "0.4.1"
  resolved "https://registry.yarnpkg.com/json-schema-traverse/-/json-schema-traverse-0.4.1.tgz#69f6a87d9513ab8bb8fe63bdb0979c448e684660"

json-schema@0.2.3:
  version "0.2.3"
  resolved "https://registry.npm.taobao.org/json-schema/download/json-schema-0.2.3.tgz?cache=0&other_urls=https%3A%2F%2Fregistry.npm.taobao.org%2Fjson-schema%2Fdownload%2Fjson-schema-0.2.3.tgz#b480c892e59a2f05954ce727bd3f2a4e882f9e13"

json-stringify-safe@~5.0.1:
  version "5.0.1"
  resolved "https://registry.npm.taobao.org/json-stringify-safe/download/json-stringify-safe-5.0.1.tgz#1296a2d58fd45f19a0f6ce01d65701e2c735b6eb"

jsonfile@^4.0.0:
  version "4.0.0"
  resolved "https://registry.npm.taobao.org/jsonfile/download/jsonfile-4.0.0.tgz#8771aae0799b64076b76640fca058f9c10e33ecb"
  optionalDependencies:
    graceful-fs "^4.1.6"

jsprim@^1.2.2:
  version "1.4.1"
  resolved "https://registry.npm.taobao.org/jsprim/download/jsprim-1.4.1.tgz#313e66bc1e5cc06e438bc1b7499c2e5c56acb6a2"
  dependencies:
    assert-plus "1.0.0"
    extsprintf "1.3.0"
    json-schema "0.2.3"
    verror "1.10.0"

lcid@^2.0.0:
  version "2.0.0"
  resolved "https://registry.npm.taobao.org/lcid/download/lcid-2.0.0.tgz#6ef5d2df60e52f82eb228a4c373e8d1f397253cf"
  dependencies:
    invert-kv "^2.0.0"

locate-path@^3.0.0:
  version "3.0.0"
  resolved "https://registry.npm.taobao.org/locate-path/download/locate-path-3.0.0.tgz#dbec3b3ab759758071b58fe59fc41871af21400e"
  dependencies:
    p-locate "^3.0.0"
    path-exists "^3.0.0"

map-age-cleaner@^0.1.1:
  version "0.1.3"
  resolved "https://registry.npm.taobao.org/map-age-cleaner/download/map-age-cleaner-0.1.3.tgz#7d583a7306434c055fe474b0f45078e6e1b4b92a"
  dependencies:
    p-defer "^1.0.0"

mem@^4.0.0:
  version "4.3.0"
  resolved "https://registry.npm.taobao.org/mem/download/mem-4.3.0.tgz#461af497bc4ae09608cdb2e60eefb69bff744178"
  dependencies:
    map-age-cleaner "^0.1.1"
    mimic-fn "^2.0.0"
    p-is-promise "^2.0.0"

mime-db@1.43.0:
  version "1.43.0"
  resolved "https://registry.npm.taobao.org/mime-db/download/mime-db-1.43.0.tgz?cache=0&sync_timestamp=1578281104943&other_urls=https%3A%2F%2Fregistry.npm.taobao.org%2Fmime-db%2Fdownload%2Fmime-db-1.43.0.tgz#0a12e0502650e473d735535050e7c8f4eb4fae58"

mime-types@^2.1.12, mime-types@~2.1.19:
  version "2.1.26"
  resolved "https://registry.npm.taobao.org/mime-types/download/mime-types-2.1.26.tgz?cache=0&sync_timestamp=1578282585871&other_urls=https%3A%2F%2Fregistry.npm.taobao.org%2Fmime-types%2Fdownload%2Fmime-types-2.1.26.tgz#9c921fc09b7e149a65dfdc0da4d20997200b0a06"
  dependencies:
    mime-db "1.43.0"

mimic-fn@^2.0.0:
  version "2.1.0"
  resolved "https://registry.npm.taobao.org/mimic-fn/download/mimic-fn-2.1.0.tgz#7ed2c2ccccaf84d3ffcb7a69b57711fc2083401b"

minimatch@^3.0.4:
  version "3.0.4"
  resolved "https://registry.npm.taobao.org/minimatch/download/minimatch-3.0.4.tgz#5166e286457f03306064be5497e8dbb0c3d32083"
  dependencies:
    brace-expansion "^1.1.7"

minimist@0.0.8:
  version "0.0.8"
  resolved "https://registry.npm.taobao.org/minimist/download/minimist-0.0.8.tgz#857fcabfc3397d2625b8228262e86aa7a011b05d"

mkdirp@^0.5.1:
  version "0.5.1"
  resolved "https://registry.npm.taobao.org/mkdirp/download/mkdirp-0.5.1.tgz?cache=0&sync_timestamp=1579899671093&other_urls=https%3A%2F%2Fregistry.npm.taobao.org%2Fmkdirp%2Fdownload%2Fmkdirp-0.5.1.tgz#30057438eac6cf7f8c4767f38648d6697d75c903"
  dependencies:
    minimist "0.0.8"

nice-try@^1.0.4:
  version "1.0.5"
  resolved "https://registry.npm.taobao.org/nice-try/download/nice-try-1.0.5.tgz#a3378a7696ce7d223e88fc9b764bd7ef1089e366"

npm-run-path@^2.0.0:
  version "2.0.2"
  resolved "https://registry.npm.taobao.org/npm-run-path/download/npm-run-path-2.0.2.tgz?cache=0&sync_timestamp=1577053500910&other_urls=https%3A%2F%2Fregistry.npm.taobao.org%2Fnpm-run-path%2Fdownload%2Fnpm-run-path-2.0.2.tgz#35a9232dfa35d7067b4cb2ddf2357b1871536c5f"
  dependencies:
    path-key "^2.0.0"

number-is-nan@^1.0.0:
  version "1.0.1"
  resolved "https://registry.npm.taobao.org/number-is-nan/download/number-is-nan-1.0.1.tgz#097b602b53422a522c1afb8790318336941a011d"

oauth-sign@~0.9.0:
  version "0.9.0"
  resolved "https://registry.npm.taobao.org/oauth-sign/download/oauth-sign-0.9.0.tgz#47a7b016baa68b5fa0ecf3dee08a85c679ac6455"

once@^1.3.0, once@^1.3.1, once@^1.4.0:
  version "1.4.0"
  resolved "https://registry.npm.taobao.org/once/download/once-1.4.0.tgz#583b1aa775961d4b113ac17d9c50baef9dd76bd1"
  dependencies:
    wrappy "1"

os-locale@^3.0.0:
  version "3.1.0"
  resolved "https://registry.npm.taobao.org/os-locale/download/os-locale-3.1.0.tgz#a802a6ee17f24c10483ab9935719cef4ed16bf1a"
  dependencies:
    execa "^1.0.0"
    lcid "^2.0.0"
    mem "^4.0.0"

p-defer@^1.0.0:
  version "1.0.0"
  resolved "https://registry.npm.taobao.org/p-defer/download/p-defer-1.0.0.tgz#9f6eb182f6c9aa8cd743004a7d4f96b196b0fb0c"

p-finally@^1.0.0:
  version "1.0.0"
  resolved "https://registry.npm.taobao.org/p-finally/download/p-finally-1.0.0.tgz#3fbcfb15b899a44123b34b6dcc18b724336a2cae"

p-is-promise@^2.0.0:
  version "2.1.0"
  resolved "https://registry.npm.taobao.org/p-is-promise/download/p-is-promise-2.1.0.tgz#918cebaea248a62cf7ffab8e3bca8c5f882fc42e"

p-limit@^2.0.0:
  version "2.2.2"
  resolved "https://registry.npm.taobao.org/p-limit/download/p-limit-2.2.2.tgz#61279b67721f5287aa1c13a9a7fbbc48c9291b1e"
  dependencies:
    p-try "^2.0.0"

p-locate@^3.0.0:
  version "3.0.0"
  resolved "https://registry.npm.taobao.org/p-locate/download/p-locate-3.0.0.tgz#322d69a05c0264b25997d9f40cd8a891ab0064a4"
  dependencies:
    p-limit "^2.0.0"

p-try@^2.0.0:
  version "2.2.0"
  resolved "https://registry.npm.taobao.org/p-try/download/p-try-2.2.0.tgz#cb2868540e313d61de58fafbe35ce9004d5540e6"

parsimmon@^1.2.0:
  version "1.13.0"
  resolved "https://registry.npm.taobao.org/parsimmon/download/parsimmon-1.13.0.tgz#6e4ef3dbd45ed6ea6808be600ac4b9c8a44228cf"

path-exists@^3.0.0:
  version "3.0.0"
  resolved "https://registry.npm.taobao.org/path-exists/download/path-exists-3.0.0.tgz#ce0ebeaa5f78cb18925ea7d810d7b59b010fd515"

path-is-absolute@^1.0.0:
  version "1.0.1"
  resolved "https://registry.npm.taobao.org/path-is-absolute/download/path-is-absolute-1.0.1.tgz#174b9268735534ffbc7ace6bf53a5a9e1b5c5f5f"

path-key@^2.0.0, path-key@^2.0.1:
  version "2.0.1"
  resolved "https://registry.npm.taobao.org/path-key/download/path-key-2.0.1.tgz#411cadb574c5a140d3a4b1910d40d80cc9f40b40"

path-parse@^1.0.6:
  version "1.0.6"
  resolved "https://registry.npm.taobao.org/path-parse/download/path-parse-1.0.6.tgz#d62dbb5679405d72c4737ec58600e9ddcf06d24c"

performance-now@^2.1.0:
  version "2.1.0"
  resolved "https://registry.npm.taobao.org/performance-now/download/performance-now-2.1.0.tgz#6309f4e0e5fa913ec1c69307ae364b4b377c9e7b"

psl@^1.1.24:
  version "1.7.0"
  resolved "https://registry.npm.taobao.org/psl/download/psl-1.7.0.tgz?cache=0&sync_timestamp=1577538558975&other_urls=https%3A%2F%2Fregistry.npm.taobao.org%2Fpsl%2Fdownload%2Fpsl-1.7.0.tgz#f1c4c47a8ef97167dea5d6bbf4816d736e884a3c"

pump@^3.0.0:
  version "3.0.0"
  resolved "https://registry.npm.taobao.org/pump/download/pump-3.0.0.tgz#b4a2116815bde2f4e1ea602354e8c75565107a64"
  dependencies:
    end-of-stream "^1.1.0"
    once "^1.3.1"

punycode@^1.4.1:
  version "1.4.1"
  resolved "https://registry.npm.taobao.org/punycode/download/punycode-1.4.1.tgz#c0d5a63b2718800ad8e1eb0fa5269c84dd41845e"

punycode@^2.1.0:
  version "2.1.1"
  resolved "https://registry.yarnpkg.com/punycode/-/punycode-2.1.1.tgz#b58b010ac40c22c5657616c8d2c2c02c7bf479ec"

qs@~6.5.2:
  version "6.5.2"
  resolved "https://registry.npm.taobao.org/qs/download/qs-6.5.2.tgz?cache=0&other_urls=https%3A%2F%2Fregistry.npm.taobao.org%2Fqs%2Fdownload%2Fqs-6.5.2.tgz#cb3ae806e8740444584ef154ce8ee98d403f3e36"

request@^2.88.0:
  version "2.88.0"
  resolved "https://registry.npm.taobao.org/request/download/request-2.88.0.tgz#9c2fca4f7d35b592efe57c7f0a55e81052124fef"
  dependencies:
    aws-sign2 "~0.7.0"
    aws4 "^1.8.0"
    caseless "~0.12.0"
    combined-stream "~1.0.6"
    extend "~3.0.2"
    forever-agent "~0.6.1"
    form-data "~2.3.2"
    har-validator "~5.1.0"
    http-signature "~1.2.0"
    is-typedarray "~1.0.0"
    isstream "~0.1.2"
    json-stringify-safe "~5.0.1"
    mime-types "~2.1.19"
    oauth-sign "~0.9.0"
    performance-now "^2.1.0"
    qs "~6.5.2"
    safe-buffer "^5.1.2"
    tough-cookie "~2.4.3"
    tunnel-agent "^0.6.0"
    uuid "^3.3.2"

require-directory@^2.1.1:
  version "2.1.1"
  resolved "https://registry.npm.taobao.org/require-directory/download/require-directory-2.1.1.tgz#8c64ad5fd30dab1c976e2344ffe7f792a6a6df42"

require-main-filename@^1.0.1:
  version "1.0.1"
  resolved "https://registry.npm.taobao.org/require-main-filename/download/require-main-filename-1.0.1.tgz#97f717b69d48784f5f526a6c5aa8ffdda055a4d1"

resolve@^1.3.2:
  version "1.15.0"
  resolved "https://registry.npm.taobao.org/resolve/download/resolve-1.15.0.tgz?cache=0&sync_timestamp=1579710052952&other_urls=https%3A%2F%2Fregistry.npm.taobao.org%2Fresolve%2Fdownload%2Fresolve-1.15.0.tgz#1b7ca96073ebb52e741ffd799f6b39ea462c67f5"
  dependencies:
    path-parse "^1.0.6"

safe-buffer@^5.0.1, safe-buffer@^5.1.2:
  version "5.2.0"
  resolved "https://registry.npm.taobao.org/safe-buffer/download/safe-buffer-5.2.0.tgz#b74daec49b1148f88c64b68d49b1e815c1f2f519"

safer-buffer@^2.0.2, safer-buffer@^2.1.0, safer-buffer@~2.1.0:
  version "2.1.2"
  resolved "https://registry.npm.taobao.org/safer-buffer/download/safer-buffer-2.1.2.tgz?cache=0&other_urls=https%3A%2F%2Fregistry.npm.taobao.org%2Fsafer-buffer%2Fdownload%2Fsafer-buffer-2.1.2.tgz#44fa161b0187b9549dd84bb91802f9bd8385cd6a"

semver@^5.3.0, semver@^5.5.0:
  version "5.7.1"
  resolved "https://registry.npm.taobao.org/semver/download/semver-5.7.1.tgz#a954f931aeba508d307bbf069eff0c01c96116f7"

set-blocking@^2.0.0:
  version "2.0.0"
  resolved "https://registry.npm.taobao.org/set-blocking/download/set-blocking-2.0.0.tgz#045f9782d011ae9a6803ddd382b24392b3d890f7"

shebang-command@^1.2.0:
  version "1.2.0"
  resolved "https://registry.npm.taobao.org/shebang-command/download/shebang-command-1.2.0.tgz#44aac65b695b03398968c39f363fee5deafdf1ea"
  dependencies:
    shebang-regex "^1.0.0"

shebang-regex@^1.0.0:
  version "1.0.0"
  resolved "https://registry.npm.taobao.org/shebang-regex/download/shebang-regex-1.0.0.tgz#da42f49740c0b42db2ca9728571cb190c98efea3"

signal-exit@^3.0.0:
  version "3.0.2"
  resolved "https://registry.npm.taobao.org/signal-exit/download/signal-exit-3.0.2.tgz#b5fdc08f1287ea1178628e415e25132b73646c6d"

sprintf-js@~1.0.2:
  version "1.0.3"
  resolved "https://registry.npm.taobao.org/sprintf-js/download/sprintf-js-1.0.3.tgz?cache=0&other_urls=https%3A%2F%2Fregistry.npm.taobao.org%2Fsprintf-js%2Fdownload%2Fsprintf-js-1.0.3.tgz#04e6926f662895354f3dd015203633b857297e2c"

sshpk@^1.7.0:
  version "1.16.1"
  resolved "https://registry.npm.taobao.org/sshpk/download/sshpk-1.16.1.tgz#fb661c0bef29b39db40769ee39fa70093d6f6877"
  dependencies:
    asn1 "~0.2.3"
    assert-plus "^1.0.0"
    bcrypt-pbkdf "^1.0.0"
    dashdash "^1.12.0"
    ecc-jsbn "~0.1.1"
    getpass "^0.1.1"
    jsbn "~0.1.0"
    safer-buffer "^2.0.2"
    tweetnacl "~0.14.0"

string-width@^1.0.1:
  version "1.0.2"
  resolved "https://registry.npm.taobao.org/string-width/download/string-width-1.0.2.tgz?cache=0&other_urls=https%3A%2F%2Fregistry.npm.taobao.org%2Fstring-width%2Fdownload%2Fstring-width-1.0.2.tgz#118bdf5b8cdc51a2a7e70d211e07e2b0b9b107d3"
  dependencies:
    code-point-at "^1.0.0"
    is-fullwidth-code-point "^1.0.0"
    strip-ansi "^3.0.0"

string-width@^2.0.0, string-width@^2.1.1:
  version "2.1.1"
  resolved "https://registry.npm.taobao.org/string-width/download/string-width-2.1.1.tgz?cache=0&other_urls=https%3A%2F%2Fregistry.npm.taobao.org%2Fstring-width%2Fdownload%2Fstring-width-2.1.1.tgz#ab93f27a8dc13d28cac815c462143a6d9012ae9e"
  dependencies:
    is-fullwidth-code-point "^2.0.0"
    strip-ansi "^4.0.0"

strip-ansi@^3.0.0, strip-ansi@^3.0.1:
  version "3.0.1"
  resolved "https://registry.npm.taobao.org/strip-ansi/download/strip-ansi-3.0.1.tgz?cache=0&sync_timestamp=1573280518303&other_urls=https%3A%2F%2Fregistry.npm.taobao.org%2Fstrip-ansi%2Fdownload%2Fstrip-ansi-3.0.1.tgz#6a385fb8853d952d5ff05d0e8aaf94278dc63dcf"
  dependencies:
    ansi-regex "^2.0.0"

strip-ansi@^4.0.0:
  version "4.0.0"
  resolved "https://registry.npm.taobao.org/strip-ansi/download/strip-ansi-4.0.0.tgz?cache=0&sync_timestamp=1573280518303&other_urls=https%3A%2F%2Fregistry.npm.taobao.org%2Fstrip-ansi%2Fdownload%2Fstrip-ansi-4.0.0.tgz#a8479022eb1ac368a871389b635262c505ee368f"
  dependencies:
    ansi-regex "^3.0.0"

strip-eof@^1.0.0:
  version "1.0.0"
  resolved "https://registry.npm.taobao.org/strip-eof/download/strip-eof-1.0.0.tgz#bb43ff5598a6eb05d89b59fcd129c983313606bf"

strip-json-comments@^2.0.1:
  version "2.0.1"
  resolved "https://registry.npm.taobao.org/strip-json-comments/download/strip-json-comments-2.0.1.tgz#3c531942e908c2697c0ec344858c286c7ca0a60a"

supports-color@^2.0.0:
  version "2.0.0"
  resolved "https://registry.npm.taobao.org/supports-color/download/supports-color-2.0.0.tgz?cache=0&other_urls=https%3A%2F%2Fregistry.npm.taobao.org%2Fsupports-color%2Fdownload%2Fsupports-color-2.0.0.tgz#535d045ce6b6363fa40117084629995e9df324c7"

supports-color@^5.3.0:
  version "5.5.0"
  resolved "https://registry.npm.taobao.org/supports-color/download/supports-color-5.5.0.tgz?cache=0&other_urls=https%3A%2F%2Fregistry.npm.taobao.org%2Fsupports-color%2Fdownload%2Fsupports-color-5.5.0.tgz#e2e69a44ac8772f78a1ec0b35b689df6530efc8f"
  dependencies:
    has-flag "^3.0.0"

tough-cookie@~2.4.3:
  version "2.4.3"
  resolved "https://registry.npm.taobao.org/tough-cookie/download/tough-cookie-2.4.3.tgz#53f36da3f47783b0925afa06ff9f3b165280f781"
  dependencies:
    psl "^1.1.24"
    punycode "^1.4.1"

tslib@^1.8.0, tslib@^1.8.1:
  version "1.10.0"
  resolved "https://registry.npm.taobao.org/tslib/download/tslib-1.10.0.tgz#c3c19f95973fb0a62973fb09d90d961ee43e5c8a"

tslint@5.14.0:
  version "5.14.0"
  resolved "https://registry.npm.taobao.org/tslint/download/tslint-5.14.0.tgz#be62637135ac244fc9b37ed6ea5252c9eba1616e"
  dependencies:
    babel-code-frame "^6.22.0"
    builtin-modules "^1.1.1"
    chalk "^2.3.0"
    commander "^2.12.1"
    diff "^3.2.0"
    glob "^7.1.1"
    js-yaml "^3.7.0"
    minimatch "^3.0.4"
    mkdirp "^0.5.1"
    resolve "^1.3.2"
    semver "^5.3.0"
    tslib "^1.8.0"
    tsutils "^2.29.0"

tsutils@^2.29.0:
  version "2.29.0"
  resolved "https://registry.npm.taobao.org/tsutils/download/tsutils-2.29.0.tgz#32b488501467acbedd4b85498673a0812aca0b99"
  dependencies:
    tslib "^1.8.1"

tunnel-agent@^0.6.0:
  version "0.6.0"
  resolved "https://registry.npm.taobao.org/tunnel-agent/download/tunnel-agent-0.6.0.tgz#27a5dea06b36b04a0a9966774b290868f0fc40fd"
  dependencies:
    safe-buffer "^5.0.1"

tweetnacl@^0.14.3, tweetnacl@~0.14.0:
  version "0.14.5"
  resolved "https://registry.npm.taobao.org/tweetnacl/download/tweetnacl-0.14.5.tgz?cache=0&other_urls=https%3A%2F%2Fregistry.npm.taobao.org%2Ftweetnacl%2Fdownload%2Ftweetnacl-0.14.5.tgz#5ae68177f192d4456269d108afa93ff8743f4f64"

typescript@^3.3.3:
  version "3.7.5"
  resolved "https://registry.npm.taobao.org/typescript/download/typescript-3.7.5.tgz#0692e21f65fd4108b9330238aac11dd2e177a1ae"

typescript@next:
  version "3.8.0-dev.20200128"
  resolved "https://registry.npm.taobao.org/typescript/download/typescript-3.8.0-dev.20200128.tgz#4eedbd3547326f2e9cb826c4144800eb93c81866"

universalify@^0.1.0:
  version "0.1.2"
  resolved "https://registry.npm.taobao.org/universalify/download/universalify-0.1.2.tgz#b646f69be3942dabcecc9d6639c80dc105efaa66"

uri-js@^4.2.2:
  version "4.4.1"
  resolved "https://registry.yarnpkg.com/uri-js/-/uri-js-4.4.1.tgz#9b1a52595225859e55f669d928f88c6c57f2a77e"
  dependencies:
    punycode "^2.1.0"

uuid@^3.3.2:
  version "3.4.0"
  resolved "https://registry.npm.taobao.org/uuid/download/uuid-3.4.0.tgz?cache=0&sync_timestamp=1579209567888&other_urls=https%3A%2F%2Fregistry.npm.taobao.org%2Fuuid%2Fdownload%2Fuuid-3.4.0.tgz#b23e4358afa8a202fe7a100af1f5f883f02007ee"

verror@1.10.0:
  version "1.10.0"
  resolved "https://registry.npm.taobao.org/verror/download/verror-1.10.0.tgz#3a105ca17053af55d6e270c1f8288682e18da400"
  dependencies:
    assert-plus "^1.0.0"
    core-util-is "1.0.2"
    extsprintf "^1.2.0"

which-module@^2.0.0:
  version "2.0.0"
  resolved "https://registry.npm.taobao.org/which-module/download/which-module-2.0.0.tgz#d9ef07dce77b9902b8a3a8fa4b31c3e3f7e6e87a"

which@^1.2.9:
  version "1.3.1"
  resolved "https://registry.npm.taobao.org/which/download/which-1.3.1.tgz?cache=0&sync_timestamp=1574116720213&other_urls=https%3A%2F%2Fregistry.npm.taobao.org%2Fwhich%2Fdownload%2Fwhich-1.3.1.tgz#a45043d54f5805316da8d62f9f50918d3da70b0a"
  dependencies:
    isexe "^2.0.0"

wrap-ansi@^2.0.0:
  version "2.1.0"
  resolved "https://registry.npm.taobao.org/wrap-ansi/download/wrap-ansi-2.1.0.tgz#d8fc3d284dd05794fe84973caecdd1cf824fdd85"
  dependencies:
    string-width "^1.0.1"
    strip-ansi "^3.0.1"

wrappy@1:
  version "1.0.2"
  resolved "https://registry.npm.taobao.org/wrappy/download/wrappy-1.0.2.tgz#b5243d8f3ec1aa35f1364605bc0d1036e30ab69f"

"y18n@^3.2.1 || ^4.0.0":
  version "4.0.0"
  resolved "https://registry.npm.taobao.org/y18n/download/y18n-4.0.0.tgz#95ef94f85ecc81d007c264e190a120f0a3c8566b"

yargs-parser@^11.1.1:
  version "11.1.1"
  resolved "https://registry.npm.taobao.org/yargs-parser/download/yargs-parser-11.1.1.tgz#879a0865973bca9f6bab5cbdf3b1c67ec7d3bcf4"
  dependencies:
    camelcase "^5.0.0"
    decamelize "^1.2.0"

yargs@^12.0.5:
  version "12.0.5"
  resolved "https://registry.npm.taobao.org/yargs/download/yargs-12.0.5.tgz?cache=0&sync_timestamp=1577940973312&other_urls=https%3A%2F%2Fregistry.npm.taobao.org%2Fyargs%2Fdownload%2Fyargs-12.0.5.tgz#05f5997b609647b64f66b81e3b4b10a368e7ad13"
  dependencies:
    cliui "^4.0.0"
    decamelize "^1.2.0"
    find-up "^3.0.0"
    get-caller-file "^1.0.1"
    os-locale "^3.0.0"
    require-directory "^2.1.1"
    require-main-filename "^1.0.1"
    set-blocking "^2.0.0"
    string-width "^2.0.0"
    which-module "^2.0.0"
    y18n "^3.2.1 || ^4.0.0"
    yargs-parser "^11.1.1"
